{
  "name": "resume-wall-breaker",
  "version": "0.1.0",
  "lockfileVersion": 3,
  "requires": true,
  "packages": {
    "": {
      "name": "resume-wall-breaker",
      "version": "0.1.0",
      "license": "MIT",
      "bin": {
        "resume-wall-breaker": "bin/resume-wall-breaker.js"
      },
      "engines": {
        "node": ">=20"
      }
    }
  }
}
